
Microsoft Visual Studio Solution File, Format Version 12.00
# Visual Studio Version 17
VisualStudioVersion = 17.2.32616.157
MinimumVisualStudioVersion = 10.0.40219.1
Project("{FAE04EC0-301F-11D3-BF4B-00C04F79EFBC}") = "Realityfirst", "Realityfirst\Realityfirst.csproj", "{F8D49AD4-C51E-4719-B126-99CDF6DB7312}"
EndProject
Global
	GlobalSection(SolutionConfigurationPlatforms) = preSolution
		Debug|Any CPU = Debug|Any CPU
		Release|Any CPU = Release|Any CPU
	EndGlobalSection
	GlobalSection(ProjectConfigurationPlatforms) = postSolution
		{F8D49AD4-C51E-4719-B126-99CDF6DB7312}.Debug|Any CPU.ActiveCfg = Debug|Any CPU
		{F8D49AD4-C51E-4719-B126-99CDF6DB7312}.Debug|Any CPU.Build.0 = Debug|Any CPU
		{F8D49AD4-C51E-4719-B126-99CDF6DB7312}.Release|Any CPU.ActiveCfg = Release|Any CPU
		{F8D49AD4-C51E-4719-B126-99CDF6DB7312}.Release|Any CPU.Build.0 = Release|Any CPU
	EndGlobalSection
	GlobalSection(SolutionProperties) = preSolution
		HideSolutionNode = FALSE
	EndGlobalSection
	GlobalSection(ExtensibilityGlobals) = postSolution
		SolutionGuid = {6B0C478A-5C52-4910-BC55-54722FD6F8D2}
	EndGlobalSection
EndGlobal
